{
	"name": "module-1",
	"version": "1.0.0",
	"lockfileVersion": 1,
	"requires": true,
	"dependencies": {
		"accepts": {
			"version": "1.2.13",
			"resolved": "https://registry.npm.taobao.org/accepts/download/accepts-1.2.13.tgz",
			"integrity": "sha1-5fHzkoxtlf2WVYw27D2dDeSm7Oo=",
			"requires": {
				"mime-types": "2.1.24",
				"negotiator": "0.5.3"
			}
		},
		"after": {
			"version": "0.8.1",
			"resolved": "https://registry.npm.taobao.org/after/download/after-0.8.1.tgz",
			"integrity": "sha1-q11PuIP1loFtNRX495HAr0ht1ic=",
			"dev": true
		},
		"mime-db": {
			"version": "1.40.0",
			"resolved": "https://registry.npm.taobao.org/mime-db/download/mime-db-1.40.0.tgz",
			"integrity": "sha1-plBX6ZjbCQ9zKmj2wnbTh9QSbDI="
		},
		"mime-types": {
			"version": "2.1.24",
			"resolved": "https://registry.npm.taobao.org/mime-types/download/mime-types-2.1.24.tgz",
			"integrity": "sha1-tvjQs+lR77d97eyhlM/20W9nb4E=",
			"requires": {
				"mime-db": "1.40.0"
			}
		},
		"negotiator": {
			"version": "0.5.3",
			"resolved": "https://registry.npm.taobao.org/negotiator/download/negotiator-0.5.3.tgz",
			"integrity": "sha1-Jp1cR2gQ7JLtvntsLygxY4T5p+g="
		}
	}
}
